
Microsoft Visual Studio Solution File, Format Version 12.00
# Visual Studio Version 16
VisualStudioVersion = 16.0.30621.155
MinimumVisualStudioVersion = 10.0.40219.1
Project("{888888A0-9F3D-457C-B088-3A5042F75D52}") = "Configuration", "Configuration.pyproj", "{D4557D80-E615-471A-9C4C-56E99C1B3E54}"
EndProject
Global
	GlobalSection(SolutionConfigurationPlatforms) = preSolution
		Debug|Any CPU = Debug|Any CPU
		Release|Any CPU = Release|Any CPU
	EndGlobalSection
	GlobalSection(ProjectConfigurationPlatforms) = postSolution
		{D4557D80-E615-471A-9C4C-56E99C1B3E54}.Debug|Any CPU.ActiveCfg = Debug|Any CPU
		{D4557D80-E615-471A-9C4C-56E99C1B3E54}.Release|Any CPU.ActiveCfg = Release|Any CPU
	EndGlobalSection
	GlobalSection(SolutionProperties) = preSolution
		HideSolutionNode = FALSE
	EndGlobalSection
	GlobalSection(ExtensibilityGlobals) = postSolution
		SolutionGuid = {CD67094D-04FC-439A-8D33-4E46864E0E59}
	EndGlobalSection
EndGlobal
